
Microsoft Visual Studio Solution File, Format Version 12.00
# Visual Studio Version 17
VisualStudioVersion = 17.9.34607.119
MinimumVisualStudioVersion = 10.0.40219.1
Project("{FAE04EC0-301F-11D3-BF4B-00C04F79EFBC}") = "ReverseFileContent", "ReverseFileContent\ReverseFileContent.csproj", "{1CA81686-6F83-4E38-A0C5-AF7946B04777}"
EndProject
Project("{FAE04EC0-301F-11D3-BF4B-00C04F79EFBC}") = "TestFileUtility", "TestFileUtility\TestFileUtility.csproj", "{BB9226BB-8458-42B0-9871-57DC8745FEA9}"
EndProject
Global
	GlobalSection(SolutionConfigurationPlatforms) = preSolution
		Debug|Any CPU = Debug|Any CPU
		Release|Any CPU = Release|Any CPU
	EndGlobalSection
	GlobalSection(ProjectConfigurationPlatforms) = postSolution
		{1CA81686-6F83-4E38-A0C5-AF7946B04777}.Debug|Any CPU.ActiveCfg = Debug|Any CPU
		{1CA81686-6F83-4E38-A0C5-AF7946B04777}.Debug|Any CPU.Build.0 = Debug|Any CPU
		{1CA81686-6F83-4E38-A0C5-AF7946B04777}.Release|Any CPU.ActiveCfg = Release|Any CPU
		{1CA81686-6F83-4E38-A0C5-AF7946B04777}.Release|Any CPU.Build.0 = Release|Any CPU
		{BB9226BB-8458-42B0-9871-57DC8745FEA9}.Debug|Any CPU.ActiveCfg = Debug|Any CPU
		{BB9226BB-8458-42B0-9871-57DC8745FEA9}.Debug|Any CPU.Build.0 = Debug|Any CPU
		{BB9226BB-8458-42B0-9871-57DC8745FEA9}.Release|Any CPU.ActiveCfg = Release|Any CPU
		{BB9226BB-8458-42B0-9871-57DC8745FEA9}.Release|Any CPU.Build.0 = Release|Any CPU
	EndGlobalSection
	GlobalSection(SolutionProperties) = preSolution
		HideSolutionNode = FALSE
	EndGlobalSection
	GlobalSection(ExtensibilityGlobals) = postSolution
		SolutionGuid = {217E76F3-DECE-43B6-9A9B-1DB19C1578E7}
	EndGlobalSection
EndGlobal
